dependencies:
  espressif/arduino-foc:
    component_hash: 043f369595cdbb18e6f1745d279ae23d9ee87e211c4da4a9ffcd721176ac827b
    dependencies:
    - name: idf
      require: private
      version: '>=4.4'
    source:
      registry_url: https://components.espressif.com
      type: service
    version: 2.3.0~3
  espressif/cmake_utilities:
    component_hash: 05165f30922b422b4b90c08845e6d449329b97370fbd06309803d8cb539d79e3
    dependencies:
    - name: idf
      require: private
      version: '>=4.1'
    source:
      registry_url: https://components.espressif.com
      type: service
    version: 1.1.1
  espressif/esp_simplefoc:
    component_hash: 7fc4bca20372c67855c2203ee58b2ef88b1c5a95e59b4a5036c5faa93cba8c13
    dependencies:
    - name: espressif/arduino-foc
      registry_url: https://components.espressif.com
      require: public
      version: '>=2.3.0~3'
    - name: espressif/iqmath
      registry_url: https://components.espressif.com
      require: private
      version: ^1.11.0
    - name: espressif/i2c_bus
      registry_url: https://components.espressif.com
      require: public
      version: 1.*
    - name: idf
      require: private
      version: '>=5.0'
    source:
      registry_url: https://components.espressif.com/
      type: service
    targets:
    - esp32
    - esp32s2
    - esp32s3
    - esp32c3
    - esp32c6
    - esp32h2
    version: 1.2.1
  espressif/i2c_bus:
    component_hash: 4e990dc11734316186b489b362c61d41f23f79d58bc169795cec215e528cba14
    dependencies:
    - name: espressif/cmake_utilities
      registry_url: https://components.espressif.com
      require: private
      version: '*'
    - name: idf
      require: private
      version: '>=4.0'
    source:
      registry_url: https://components.espressif.com
      type: service
    version: 1.5.0
  espressif/iqmath:
    component_hash: 407d5bc3fd358a73d2b09982918ab508b4e804cc547942c5979d226be86b7e75
    dependencies:
    - name: idf
      require: private
      version: '>=4.4'
    source:
      registry_url: https://components.espressif.com
      type: service
    version: 1.11.0
  idf:
    source:
      type: idf
    version: 5.4.1
direct_dependencies:
- espressif/esp_simplefoc
- idf
manifest_hash: 12dbfc31e364eb1b94eea366feeac7b6008e1c9627498bcbd43d9a732061389f
target: esp32s3
version: 2.0.0
